
Microsoft Visual Studio Solution File, Format Version 12.00
Project("{FAE04EC0-301F-11D3-BF4B-00C04F79EFBC}") = "NetBot", "NetBot\NetBot.csproj", "{9E8AF910-9AD4-4393-AA8B-6F131AB4D658}"
EndProject
Global
	GlobalSection(SolutionConfigurationPlatforms) = preSolution
		Debug|Any CPU = Debug|Any CPU
		Release|Any CPU = Release|Any CPU
	EndGlobalSection
	GlobalSection(ProjectConfigurationPlatforms) = postSolution
		{9E8AF910-9AD4-4393-AA8B-6F131AB4D658}.Debug|Any CPU.ActiveCfg = Debug|Any CPU
		{9E8AF910-9AD4-4393-AA8B-6F131AB4D658}.Debug|Any CPU.Build.0 = Debug|Any CPU
		{9E8AF910-9AD4-4393-AA8B-6F131AB4D658}.Release|Any CPU.ActiveCfg = Release|Any CPU
		{9E8AF910-9AD4-4393-AA8B-6F131AB4D658}.Release|Any CPU.Build.0 = Release|Any CPU
	EndGlobalSection
EndGlobal
